
Microsoft Visual Studio Solution File, Format Version 12.00
# Visual Studio Version 17
VisualStudioVersion = 17.0.32014.148
MinimumVisualStudioVersion = 10.0.40219.1
Project("{2150E333-8FDC-42A3-9474-1A3956D46DE8}") = "0 - Apresentação", "0 - Apresentação", "{6CD7DE1B-8B6E-4110-A4AB-85CFF5AC672F}"
EndProject
Project("{FAE04EC0-301F-11D3-BF4B-00C04F79EFBC}") = "ARApresentacao", "ARApresentacao\ARApresentacao.csproj", "{18B35648-2C90-4314-AE68-386636FE2B31}"
EndProject
Global
	GlobalSection(SolutionConfigurationPlatforms) = preSolution
		Debug|Any CPU = Debug|Any CPU
		Release|Any CPU = Release|Any CPU
	EndGlobalSection
	GlobalSection(ProjectConfigurationPlatforms) = postSolution
		{18B35648-2C90-4314-AE68-386636FE2B31}.Debug|Any CPU.ActiveCfg = Debug|Any CPU
		{18B35648-2C90-4314-AE68-386636FE2B31}.Debug|Any CPU.Build.0 = Debug|Any CPU
		{18B35648-2C90-4314-AE68-386636FE2B31}.Release|Any CPU.ActiveCfg = Release|Any CPU
		{18B35648-2C90-4314-AE68-386636FE2B31}.Release|Any CPU.Build.0 = Release|Any CPU
	EndGlobalSection
	GlobalSection(SolutionProperties) = preSolution
		HideSolutionNode = FALSE
	EndGlobalSection
	GlobalSection(NestedProjects) = preSolution
		{18B35648-2C90-4314-AE68-386636FE2B31} = {6CD7DE1B-8B6E-4110-A4AB-85CFF5AC672F}
	EndGlobalSection
	GlobalSection(ExtensibilityGlobals) = postSolution
		SolutionGuid = {A3B3B1BE-573A-4293-A4FA-4EBBB67B83ED}
	EndGlobalSection
EndGlobal
